{
  "name": "mujoco-robonix",
  "version": "3.3.8",
  "lockfileVersion": 3,
  "requires": true,
  "packages": {
    "": {
      "name": "mujoco-robonix",
      "version": "3.3.8",
      "license": "Apache-2.0",
      "dependencies": {
        "@sparkjsdev/spark": "^2.0.0",
        "mujoco-js": "^0.0.7",
        "three": "0.180.0"
      },
      "devDependencies": {
        "playwright": "^1.62.1"
      },
      "engines": {
        "node": ">=20"
      }
    },
    "node_modules/@sparkjsdev/spark": {
      "version": "2.1.0",
      "resolved": "https://registry.npmjs.org/@sparkjsdev/spark/-/spark-2.1.0.tgz",
      "integrity": "sha512-BRw+MuMzx0B3K8fDLQygt2OHEhYUV+41RX7btq9pZ3rCVrq42o57jW34VAIvC7JO/84DJh/1AutACV9ym6BfVg==",
      "license": "MIT",
      "dependencies": {
        "fflate": "^0.8.2"
      },
      "peerDependencies": {
        "three": ">=0.180.0"
      }
    },
    "node_modules/fflate": {
      "version": "0.8.3",
      "resolved": "https://registry.npmjs.org/fflate/-/fflate-0.8.3.tgz",
      "integrity": "sha512-tbZNuJrLwGUp3zshBtdy4W+ORxZuIh8a5ilyIEQDC5rY1f3U20JMry0Ll3WBzU58EZKsEuJFXhb5gwv8CsPvgA==",
      "license": "MIT"
    },
    "node_modules/fsevents": {
      "version": "2.3.2",
      "resolved": "https://registry.npmjs.org/fsevents/-/fsevents-2.3.2.tgz",
      "integrity": "sha512-xiqMQR4xAeHTuB9uWm+fFRcIOgKBMiOBP+eXiyT7jsgVCq1bkVygt00oASowB7EdtpOHaaPgKt812P9ab+DDKA==",
      "dev": true,
      "hasInstallScript": true,
      "license": "MIT",
      "optional": true,
      "os": [
        "darwin"
      ],
      "engines": {
        "node": "^8.16.0 || ^10.6.0 || >=11.0.0"
      }
    },
    "node_modules/mujoco-js": {
      "version": "0.0.7",
      "resolved": "https://registry.npmjs.org/mujoco-js/-/mujoco-js-0.0.7.tgz",
      "integrity": "sha512-MXCudYo+QCncFEQVxDy9GjELOGRNKsSucKpHgz9hNeRSWXP01xhtZr5GNvY30Rvs/mtfV/jPb3uIsiYXPJ2V2g==",
      "deprecated": "Package no longer supported. Contact Support at https://www.npmjs.com/support for more info.",
      "license": "Apache-2.0"
    },
    "node_modules/playwright": {
      "version": "1.62.1",
      "resolved": "https://registry.npmjs.org/playwright/-/playwright-1.62.1.tgz",
      "integrity": "sha512-0M+L3LAD8/nm554LOla9Ayx0j0tmFZ0FBcoQ7F1VuVHpM/XpiC8RcDzBQB8W5+hA8L22THxELzeF+2WcUzvcLg==",
      "dev": true,
      "license": "Apache-2.0",
      "dependencies": {
        "playwright-core": "1.62.1"
      },
      "bin": {
        "playwright": "cli.js"
      },
      "engines": {
        "node": ">=20"
      },
      "optionalDependencies": {
        "fsevents": "2.3.2"
      }
    },
    "node_modules/playwright-core": {
      "version": "1.62.1",
      "resolved": "https://registry.npmjs.org/playwright-core/-/playwright-core-1.62.1.tgz",
      "integrity": "sha512-wPYSwEBJY9GHraISXqyqtx0na0LpO3XEX7jNDhntbex7tzUS7kLnZsOlFruFJB4Hi/rhDMjXGqHewDZ68nYZVw==",
      "dev": true,
      "license": "Apache-2.0",
      "bin": {
        "playwright-core": "cli.js"
      },
      "engines": {
        "node": ">=20"
      }
    },
    "node_modules/three": {
      "version": "0.180.0",
      "resolved": "https://registry.npmjs.org/three/-/three-0.180.0.tgz",
      "integrity": "sha512-o+qycAMZrh+TsE01GqWUxUIKR1AL0S8pq7zDkYOQw8GqfX8b8VoCKYUoHbhiX5j+7hr8XsuHDVU6+gkQJQKg9w==",
      "license": "MIT"
    }
  }
}
